
Microsoft Visual Studio Solution File, Format Version 12.00
# Visual Studio Version 16
VisualStudioVersion = 16.0.30114.105
MinimumVisualStudioVersion = 10.0.40219.1
Project("{9A19103F-16F7-4668-BE54-9A1E7A4F7556}") = "PersonsInfo", "PersonsInfo\PersonsInfo.csproj", "{5334A8F0-11C5-41D5-BBD7-FA5ACC5F1E27}"
EndProject
Project("{9A19103F-16F7-4668-BE54-9A1E7A4F7556}") = "ClassBoxData", "P01.ClassBoxData\ClassBoxData.csproj", "{D6CC54F9-6340-46C1-AEA0-9A8B8DE09CF1}"
EndProject
Project("{9A19103F-16F7-4668-BE54-9A1E7A4F7556}") = "ShoppingSpree", "P03.ShoppingSpree\ShoppingSpree.csproj", "{3918E089-EAD3-4DF6-8580-3E2E4869484B}"
EndProject
Project("{9A19103F-16F7-4668-BE54-9A1E7A4F7556}") = "PizzaCalories", "P04.PizzaCalories\PizzaCalories.csproj", "{49E93F4F-F2D4-4829-B021-3AF6777193D6}"
EndProject
Project("{9A19103F-16F7-4668-BE54-9A1E7A4F7556}") = "FootballTeamGenerator", "P05.FootballTeamGenerator\FootballTeamGenerator.csproj", "{8B3FE86C-09EA-4C08-9B91-4D17D6B4B66D}"
EndProject
Project("{9A19103F-16F7-4668-BE54-9A1E7A4F7556}") = "AnimalFarm", "D:\Chrome Downloads\02. CSharp-OOP-Encapsulation-Exercise-AnimalFarm\AnimalFarm\AnimalFarm.csproj", "{F086A50C-0E99-4082-AAA9-B9D4206D26C4}"
EndProject
Global
	GlobalSection(SolutionConfigurationPlatforms) = preSolution
		Debug|Any CPU = Debug|Any CPU
		Release|Any CPU = Release|Any CPU
	EndGlobalSection
	GlobalSection(ProjectConfigurationPlatforms) = postSolution
		{5334A8F0-11C5-41D5-BBD7-FA5ACC5F1E27}.Debug|Any CPU.ActiveCfg = Debug|Any CPU
		{5334A8F0-11C5-41D5-BBD7-FA5ACC5F1E27}.Debug|Any CPU.Build.0 = Debug|Any CPU
		{5334A8F0-11C5-41D5-BBD7-FA5ACC5F1E27}.Release|Any CPU.ActiveCfg = Release|Any CPU
		{5334A8F0-11C5-41D5-BBD7-FA5ACC5F1E27}.Release|Any CPU.Build.0 = Release|Any CPU
		{D6CC54F9-6340-46C1-AEA0-9A8B8DE09CF1}.Debug|Any CPU.ActiveCfg = Debug|Any CPU
		{D6CC54F9-6340-46C1-AEA0-9A8B8DE09CF1}.Debug|Any CPU.Build.0 = Debug|Any CPU
		{D6CC54F9-6340-46C1-AEA0-9A8B8DE09CF1}.Release|Any CPU.ActiveCfg = Release|Any CPU
		{D6CC54F9-6340-46C1-AEA0-9A8B8DE09CF1}.Release|Any CPU.Build.0 = Release|Any CPU
		{3918E089-EAD3-4DF6-8580-3E2E4869484B}.Debug|Any CPU.ActiveCfg = Debug|Any CPU
		{3918E089-EAD3-4DF6-8580-3E2E4869484B}.Debug|Any CPU.Build.0 = Debug|Any CPU
		{3918E089-EAD3-4DF6-8580-3E2E4869484B}.Release|Any CPU.ActiveCfg = Release|Any CPU
		{3918E089-EAD3-4DF6-8580-3E2E4869484B}.Release|Any CPU.Build.0 = Release|Any CPU
		{49E93F4F-F2D4-4829-B021-3AF6777193D6}.Debug|Any CPU.ActiveCfg = Debug|Any CPU
		{49E93F4F-F2D4-4829-B021-3AF6777193D6}.Debug|Any CPU.Build.0 = Debug|Any CPU
		{49E93F4F-F2D4-4829-B021-3AF6777193D6}.Release|Any CPU.ActiveCfg = Release|Any CPU
		{49E93F4F-F2D4-4829-B021-3AF6777193D6}.Release|Any CPU.Build.0 = Release|Any CPU
		{8B3FE86C-09EA-4C08-9B91-4D17D6B4B66D}.Debug|Any CPU.ActiveCfg = Debug|Any CPU
		{8B3FE86C-09EA-4C08-9B91-4D17D6B4B66D}.Debug|Any CPU.Build.0 = Debug|Any CPU
		{8B3FE86C-09EA-4C08-9B91-4D17D6B4B66D}.Release|Any CPU.ActiveCfg = Release|Any CPU
		{8B3FE86C-09EA-4C08-9B91-4D17D6B4B66D}.Release|Any CPU.Build.0 = Release|Any CPU
		{F086A50C-0E99-4082-AAA9-B9D4206D26C4}.Debug|Any CPU.ActiveCfg = Debug|Any CPU
		{F086A50C-0E99-4082-AAA9-B9D4206D26C4}.Debug|Any CPU.Build.0 = Debug|Any CPU
		{F086A50C-0E99-4082-AAA9-B9D4206D26C4}.Release|Any CPU.ActiveCfg = Release|Any CPU
		{F086A50C-0E99-4082-AAA9-B9D4206D26C4}.Release|Any CPU.Build.0 = Release|Any CPU
	EndGlobalSection
	GlobalSection(SolutionProperties) = preSolution
		HideSolutionNode = FALSE
	EndGlobalSection
	GlobalSection(ExtensibilityGlobals) = postSolution
		SolutionGuid = {CEFCBABF-B0F3-4185-B350-8DFD949F361B}
	EndGlobalSection
EndGlobal
