
Microsoft Visual Studio Solution File, Format Version 12.00
# Visual Studio Version 16
VisualStudioVersion = 16.0.31005.135
MinimumVisualStudioVersion = 10.0.40219.1
Project("{9A19103F-16F7-4668-BE54-9A1E7A4F7556}") = "P01_StudentSystem", "P01_StudentSystem\P01_StudentSystem.csproj", "{4D8C0014-68DB-4635-B33A-488A5AB3931E}"
EndProject
Project("{9A19103F-16F7-4668-BE54-9A1E7A4F7556}") = "P03_FootballBetting", "P03_FootballBetting\P03_FootballBetting.csproj", "{5D4A4392-D161-4101-B9CB-C12FE8036EF9}"
EndProject
Project("{FAE04EC0-301F-11D3-BF4B-00C04F79EFBC}") = "P03_FootballBetting.Models", "P03_FootballBetting.Models\P03_FootballBetting.Models.csproj", "{83F4CC87-3E51-4928-9BBD-22355373486F}"
EndProject
Project("{FAE04EC0-301F-11D3-BF4B-00C04F79EFBC}") = "P03_FootballBetting.Data", "P03_FootballBetting.Data\P03_FootballBetting.Data.csproj", "{F06A0F68-12A0-49ED-95F3-1E4BEE1E34C4}"
EndProject
Global
	GlobalSection(SolutionConfigurationPlatforms) = preSolution
		Debug|Any CPU = Debug|Any CPU
		Release|Any CPU = Release|Any CPU
	EndGlobalSection
	GlobalSection(ProjectConfigurationPlatforms) = postSolution
		{4D8C0014-68DB-4635-B33A-488A5AB3931E}.Debug|Any CPU.ActiveCfg = Debug|Any CPU
		{4D8C0014-68DB-4635-B33A-488A5AB3931E}.Debug|Any CPU.Build.0 = Debug|Any CPU
		{4D8C0014-68DB-4635-B33A-488A5AB3931E}.Release|Any CPU.ActiveCfg = Release|Any CPU
		{4D8C0014-68DB-4635-B33A-488A5AB3931E}.Release|Any CPU.Build.0 = Release|Any CPU
		{5D4A4392-D161-4101-B9CB-C12FE8036EF9}.Debug|Any CPU.ActiveCfg = Debug|Any CPU
		{5D4A4392-D161-4101-B9CB-C12FE8036EF9}.Debug|Any CPU.Build.0 = Debug|Any CPU
		{5D4A4392-D161-4101-B9CB-C12FE8036EF9}.Release|Any CPU.ActiveCfg = Release|Any CPU
		{5D4A4392-D161-4101-B9CB-C12FE8036EF9}.Release|Any CPU.Build.0 = Release|Any CPU
		{83F4CC87-3E51-4928-9BBD-22355373486F}.Debug|Any CPU.ActiveCfg = Debug|Any CPU
		{83F4CC87-3E51-4928-9BBD-22355373486F}.Debug|Any CPU.Build.0 = Debug|Any CPU
		{83F4CC87-3E51-4928-9BBD-22355373486F}.Release|Any CPU.ActiveCfg = Release|Any CPU
		{83F4CC87-3E51-4928-9BBD-22355373486F}.Release|Any CPU.Build.0 = Release|Any CPU
		{F06A0F68-12A0-49ED-95F3-1E4BEE1E34C4}.Debug|Any CPU.ActiveCfg = Debug|Any CPU
		{F06A0F68-12A0-49ED-95F3-1E4BEE1E34C4}.Debug|Any CPU.Build.0 = Debug|Any CPU
		{F06A0F68-12A0-49ED-95F3-1E4BEE1E34C4}.Release|Any CPU.ActiveCfg = Release|Any CPU
		{F06A0F68-12A0-49ED-95F3-1E4BEE1E34C4}.Release|Any CPU.Build.0 = Release|Any CPU
	EndGlobalSection
	GlobalSection(SolutionProperties) = preSolution
		HideSolutionNode = FALSE
	EndGlobalSection
	GlobalSection(ExtensibilityGlobals) = postSolution
		SolutionGuid = {984C708E-67D0-4211-A8A4-C319CFD7DFA4}
	EndGlobalSection
EndGlobal
