
Microsoft Visual Studio Solution File, Format Version 12.00
# Visual Studio Version 16
VisualStudioVersion = 16.0.31005.135
MinimumVisualStudioVersion = 10.0.40219.1
Project("{9A19103F-16F7-4668-BE54-9A1E7A4F7556}") = "P01_HospitalDatabase", "P01_HospitalDatabase\P01_HospitalDatabase.csproj", "{DEC41C67-910F-49D3-A6C8-646875453245}"
EndProject
Project("{FAE04EC0-301F-11D3-BF4B-00C04F79EFBC}") = "P03_SalesDatabase", "P03_SalesDatabase\P03_SalesDatabase.csproj", "{2800A59D-0199-459F-A23B-31268070A1C0}"
EndProject
Global
	GlobalSection(SolutionConfigurationPlatforms) = preSolution
		Debug|Any CPU = Debug|Any CPU
		Release|Any CPU = Release|Any CPU
	EndGlobalSection
	GlobalSection(ProjectConfigurationPlatforms) = postSolution
		{DEC41C67-910F-49D3-A6C8-646875453245}.Debug|Any CPU.ActiveCfg = Debug|Any CPU
		{DEC41C67-910F-49D3-A6C8-646875453245}.Debug|Any CPU.Build.0 = Debug|Any CPU
		{DEC41C67-910F-49D3-A6C8-646875453245}.Release|Any CPU.ActiveCfg = Release|Any CPU
		{DEC41C67-910F-49D3-A6C8-646875453245}.Release|Any CPU.Build.0 = Release|Any CPU
		{2800A59D-0199-459F-A23B-31268070A1C0}.Debug|Any CPU.ActiveCfg = Debug|Any CPU
		{2800A59D-0199-459F-A23B-31268070A1C0}.Debug|Any CPU.Build.0 = Debug|Any CPU
		{2800A59D-0199-459F-A23B-31268070A1C0}.Release|Any CPU.ActiveCfg = Release|Any CPU
		{2800A59D-0199-459F-A23B-31268070A1C0}.Release|Any CPU.Build.0 = Release|Any CPU
	EndGlobalSection
	GlobalSection(SolutionProperties) = preSolution
		HideSolutionNode = FALSE
	EndGlobalSection
	GlobalSection(ExtensibilityGlobals) = postSolution
		SolutionGuid = {6D9DF3B6-F1F4-40CD-8480-6C09F6437184}
	EndGlobalSection
EndGlobal
